
Microsoft Visual Studio Solution File, Format Version 12.00
# Visual Studio Version 17
VisualStudioVersion = 17.4.33122.133
MinimumVisualStudioVersion = 10.0.40219.1
Project("{FAE04EC0-301F-11D3-BF4B-00C04F79EFBC}") = "eşittirveeşitdeğildirope", "eşittirveeşitdeğildirope.\eşittirveeşitdeğildirope.csproj", "{EFFD7611-9CFF-4EE9-A26A-07A8D5BFF153}"
EndProject
Global
	GlobalSection(SolutionConfigurationPlatforms) = preSolution
		Debug|Any CPU = Debug|Any CPU
		Release|Any CPU = Release|Any CPU
	EndGlobalSection
	GlobalSection(ProjectConfigurationPlatforms) = postSolution
		{EFFD7611-9CFF-4EE9-A26A-07A8D5BFF153}.Debug|Any CPU.ActiveCfg = Debug|Any CPU
		{EFFD7611-9CFF-4EE9-A26A-07A8D5BFF153}.Debug|Any CPU.Build.0 = Debug|Any CPU
		{EFFD7611-9CFF-4EE9-A26A-07A8D5BFF153}.Release|Any CPU.ActiveCfg = Release|Any CPU
		{EFFD7611-9CFF-4EE9-A26A-07A8D5BFF153}.Release|Any CPU.Build.0 = Release|Any CPU
	EndGlobalSection
	GlobalSection(SolutionProperties) = preSolution
		HideSolutionNode = FALSE
	EndGlobalSection
	GlobalSection(ExtensibilityGlobals) = postSolution
		SolutionGuid = {9A82B8C5-12C8-421B-AB81-976E2EE4BE15}
	EndGlobalSection
EndGlobal
